<?xml version="1.0" encoding="utf-8"?>
<Project ToolsVersion="4.0" xmlns="http://schemas.microsoft.com/developer/msbuild/2003">
  <ItemGroup>
    <Filter Include="HLSL">
      <UniqueIdentifier>{18D9857C-0410-870D-ADFC-6C109912030F}</UniqueIdentifier>
    </Filter>
    <Filter Include="src">
      <UniqueIdentifier>{2DAB880B-99B4-887C-2230-9F7C8E38947C}</UniqueIdentifier>
    </Filter>
  </ItemGroup>
  <ItemGroup>
    <ClInclude Include="src\Enemy.h">
      <Filter>src</Filter>
    </ClInclude>
    <ClInclude Include="src\FX_BloodImpact.h">
      <Filter>src</Filter>
    </ClInclude>
    <ClInclude Include="src\FX_ConcreteImpact.h">
      <Filter>src</Filter>
    </ClInclude>
    <ClInclude Include="src\Player.h">
      <Filter>src</Filter>
    </ClInclude>
    <ClInclude Include="src\TestGame.h">
      <Filter>src</Filter>
    </ClInclude>
    <ClInclude Include="src\TestWidget.h">
      <Filter>src</Filter>
    </ClInclude>
    <ClInclude Include="src\UI_Ingame_Actor.h">
      <Filter>src</Filter>
    </ClInclude>
    <ClInclude Include="src\UI_Minimap.h">
      <Filter>src</Filter>
    </ClInclude>
    <ClInclude Include="src\Weapon.h">
      <Filter>src</Filter>
    </ClInclude>
  </ItemGroup>
  <ItemGroup>
    <ClCompile Include="src\Enemy.cpp">
      <Filter>src</Filter>
    </ClCompile>
    <ClCompile Include="src\FX_BloodImpact.cpp">
      <Filter>src</Filter>
    </ClCompile>
    <ClCompile Include="src\FX_ConcreteImpact.cpp">
      <Filter>src</Filter>
    </ClCompile>
    <ClCompile Include="src\Player.cpp">
      <Filter>src</Filter>
    </ClCompile>
    <ClCompile Include="src\TestGame.cpp">
      <Filter>src</Filter>
    </ClCompile>
    <ClCompile Include="src\TestWidget.cpp">
      <Filter>src</Filter>
    </ClCompile>
    <ClCompile Include="src\UI_Ingame_Actor.cpp">
      <Filter>src</Filter>
    </ClCompile>
    <ClCompile Include="src\UI_Minimap.cpp">
      <Filter>src</Filter>
    </ClCompile>
    <ClCompile Include="src\Weapon.cpp">
      <Filter>src</Filter>
    </ClCompile>
    <ClCompile Include="src\main.cpp">
      <Filter>src</Filter>
    </ClCompile>
  </ItemGroup>
  <ItemGroup>
    <FxCompile Include="HLSL\EffectDefaultPS.hlsl">
      <Filter>HLSL</Filter>
    </FxCompile>
    <FxCompile Include="HLSL\EffectDefaultVS.hlsl">
      <Filter>HLSL</Filter>
    </FxCompile>
    <FxCompile Include="HLSL\EffectParticleGS.hlsl">
      <Filter>HLSL</Filter>
    </FxCompile>
    <FxCompile Include="HLSL\EffectParticleGlowPS.hlsl">
      <Filter>HLSL</Filter>
    </FxCompile>
    <FxCompile Include="HLSL\EffectParticleNoBillboardGS.hlsl">
      <Filter>HLSL</Filter>
    </FxCompile>
    <FxCompile Include="HLSL\LevelGS.hlsl">
      <Filter>HLSL</Filter>
    </FxCompile>
    <FxCompile Include="HLSL\LevelPS.hlsl">
      <Filter>HLSL</Filter>
    </FxCompile>
    <FxCompile Include="HLSL\LevelVS.hlsl">
      <Filter>HLSL</Filter>
    </FxCompile>
    <FxCompile Include="HLSL\MeshSurfacePS.hlsl">
      <Filter>HLSL</Filter>
    </FxCompile>
    <FxCompile Include="HLSL\SkinningPS.hlsl">
      <Filter>HLSL</Filter>
    </FxCompile>
    <FxCompile Include="HLSL\SkinningVS.hlsl">
      <Filter>HLSL</Filter>
    </FxCompile>
    <FxCompile Include="HLSL\SkySpherePS.hlsl">
      <Filter>HLSL</Filter>
    </FxCompile>
    <FxCompile Include="HLSL\SkySphereVS.hlsl">
      <Filter>HLSL</Filter>
    </FxCompile>
    <FxCompile Include="HLSL\StaticMeshVS.hlsl">
      <Filter>HLSL</Filter>
    </FxCompile>
    <FxCompile Include="HLSL\UIPS.hlsl">
      <Filter>HLSL</Filter>
    </FxCompile>
    <FxCompile Include="HLSL\UIVS.hlsl">
      <Filter>HLSL</Filter>
    </FxCompile>
  </ItemGroup>
  <ItemGroup>
    <None Include="..\premake5.lua" />
  </ItemGroup>
</Project>